// !$*UTF8*$!
{
	archiveVersion = 1;
	classes = {
	};
	objectVersion = 55;
	objects = {

/* Begin PBXBuildFile section */
		CF2D8C2A284E18DD0090A60F /* TaskManagementApp.swift in Sources */ = {isa = PBXBuildFile; fileRef = CF2D8C29284E18DD0090A60F /* TaskManagementApp.swift */; };
		CF2D8C2C284E18DD0090A60F /* ContentView.swift in Sources */ = {isa = PBXBuildFile; fileRef = CF2D8C2B284E18DD0090A60F /* ContentView.swift */; };
		CF2D8C2E284E18E00090A60F /* Assets.xcassets in Resources */ = {isa = PBXBuildFile; fileRef = CF2D8C2D284E18E00090A60F /* Assets.xcassets */; };
		CF2D8C31284E18E00090A60F /* Preview Assets.xcassets in Resources */ = {isa = PBXBuildFile; fileRef = CF2D8C30284E18E00090A60F /* Preview Assets.xcassets */; };
		CF2D8C3B284E18E00090A60F /* TaskManagementTests.swift in Sources */ = {isa = PBXBuildFile; fileRef = CF2D8C3A284E18E00090A60F /* TaskManagementTests.swift */; };
		CF2D8C45284E18E00090A60F /* TaskManagementUITests.swift in Sources */ = {isa = PBXBuildFile; fileRef = CF2D8C44284E18E00090A60F /* TaskManagementUITests.swift */; };
		CF2D8C47284E18E00090A60F /* TaskManagementUITestsLaunchTests.swift in Sources */ = {isa = PBXBuildFile; fileRef = CF2D8C46284E18E00090A60F /* TaskManagementUITestsLaunchTests.swift */; };
		CF2D8C55284E2B880090A60F /* Task.swift in Sources */ = {isa = PBXBuildFile; fileRef = CF2D8C54284E2B880090A60F /* Task.swift */; };
		CF2D8C58284E2C290090A60F /* TaskViewModel.swift in Sources */ = {isa = PBXBuildFile; fileRef = CF2D8C57284E2C290090A60F /* TaskViewModel.swift */; };
		CF2D8C5B284E2D7A0090A60F /* Home.swift in Sources */ = {isa = PBXBuildFile; fileRef = CF2D8C5A284E2D7A0090A60F /* Home.swift */; };
/* End PBXBuildFile section */

/* Begin PBXContainerItemProxy section */
		CF2D8C37284E18E00090A60F /* PBXContainerItemProxy */ = {
			isa = PBXContainerItemProxy;
			containerPortal = CF2D8C1E284E18DD0090A60F /* Project object */;
			proxyType = 1;
			remoteGlobalIDString = CF2D8C25284E18DD0090A60F;
			remoteInfo = TaskManagement;
		};
		CF2D8C41284E18E00090A60F /* PBXContainerItemProxy */ = {
			isa = PBXContainerItemProxy;
			containerPortal = CF2D8C1E284E18DD0090A60F /* Project object */;
			proxyType = 1;
			remoteGlobalIDString = CF2D8C25284E18DD0090A60F;
			remoteInfo = TaskManagement;
		};
/* End PBXContainerItemProxy section */

/* Begin PBXFileReference section */
		CF2D8C26284E18DD0090A60F /* TaskManagement.app */ = {isa = PBXFileReference; explicitFileType = wrapper.application; includeInIndex = 0; path = TaskManagement.app; sourceTree = BUILT_PRODUCTS_DIR; };
		CF2D8C29284E18DD0090A60F /* TaskManagementApp.swift */ = {isa = PBXFileReference; lastKnownFileType = sourcecode.swift; path = TaskManagementApp.swift; sourceTree = "<group>"; };
		CF2D8C2B284E18DD0090A60F /* ContentView.swift */ = {isa = PBXFileReference; lastKnownFileType = sourcecode.swift; path = ContentView.swift; sourceTree = "<group>"; };
		CF2D8C2D284E18E00090A60F /* Assets.xcassets */ = {isa = PBXFileReference; lastKnownFileType = folder.assetcatalog; path = Assets.xcassets; sourceTree = "<group>"; };
		CF2D8C30284E18E00090A60F /* Preview Assets.xcassets */ = {isa = PBXFileReference; lastKnownFileType = folder.assetcatalog; path = "Preview Assets.xcassets"; sourceTree = "<group>"; };
		CF2D8C36284E18E00090A60F /* TaskManagementTests.xctest */ = {isa = PBXFileReference; explicitFileType = wrapper.cfbundle; includeInIndex = 0; path = TaskManagementTests.xctest; sourceTree = BUILT_PRODUCTS_DIR; };
		CF2D8C3A284E18E00090A60F /* TaskManagementTests.swift */ = {isa = PBXFileReference; lastKnownFileType = sourcecode.swift; path = TaskManagementTests.swift; sourceTree = "<group>"; };
		CF2D8C40284E18E00090A60F /* TaskManagementUITests.xctest */ = {isa = PBXFileReference; explicitFileType = wrapper.cfbundle; includeInIndex = 0; path = TaskManagementUITests.xctest; sourceTree = BUILT_PRODUCTS_DIR; };
		CF2D8C44284E18E00090A60F /* TaskManagementUITests.swift */ = {isa = PBXFileReference; lastKnownFileType = sourcecode.swift; path = TaskManagementUITests.swift; sourceTree = "<group>"; };
		CF2D8C46284E18E00090A60F /* TaskManagementUITestsLaunchTests.swift */ = {isa = PBXFileReference; lastKnownFileType = sourcecode.swift; path = TaskManagementUITestsLaunchTests.swift; sourceTree = "<group>"; };
		CF2D8C54284E2B880090A60F /* Task.swift */ = {isa = PBXFileReference; lastKnownFileType = sourcecode.swift; path = Task.swift; sourceTree = "<group>"; };
		CF2D8C57284E2C290090A60F /* TaskViewModel.swift */ = {isa = PBXFileReference; lastKnownFileType = sourcecode.swift; path = TaskViewModel.swift; sourceTree = "<group>"; };
		CF2D8C5A284E2D7A0090A60F /* Home.swift */ = {isa = PBXFileReference; lastKnownFileType = sourcecode.swift; path = Home.swift; sourceTree = "<group>"; };
/* End PBXFileReference section */

/* Begin PBXFrameworksBuildPhase section */
		CF2D8C23284E18DD0090A60F /* Frameworks */ = {
			isa = PBXFrameworksBuildPhase;
			buildActionMask = 2147483647;
			files = (
			);
			runOnlyForDeploymentPostprocessing = 0;
		};
		CF2D8C33284E18E00090A60F /* Frameworks */ = {
			isa = PBXFrameworksBuildPhase;
			buildActionMask = 2147483647;
			files = (
			);
			runOnlyForDeploymentPostprocessing = 0;
		};
		CF2D8C3D284E18E00090A60F /* Frameworks */ = {
			isa = PBXFrameworksBuildPhase;
			buildActionMask = 2147483647;
			files = (
			);
			runOnlyForDeploymentPostprocessing = 0;
		};
/* End PBXFrameworksBuildPhase section */

/* Begin PBXGroup section */
		CF2D8C1D284E18DD0090A60F = {
			isa = PBXGroup;
			children = (
				CF2D8C59284E2D690090A60F /* View */,
				CF2D8C56284E2C0A0090A60F /* ViewModel */,
				CF2D8C53284E2B770090A60F /* Model */,
				CF2D8C28284E18DD0090A60F /* TaskManagement */,
				CF2D8C39284E18E00090A60F /* TaskManagementTests */,
				CF2D8C43284E18E00090A60F /* TaskManagementUITests */,
				CF2D8C27284E18DD0090A60F /* Products */,
			);
			sourceTree = "<group>";
		};
		CF2D8C27284E18DD0090A60F /* Products */ = {
			isa = PBXGroup;
			children = (
				CF2D8C26284E18DD0090A60F /* TaskManagement.app */,
				CF2D8C36284E18E00090A60F /* TaskManagementTests.xctest */,
				CF2D8C40284E18E00090A60F /* TaskManagementUITests.xctest */,
			);
			name = Products;
			sourceTree = "<group>";
		};
		CF2D8C28284E18DD0090A60F /* TaskManagement */ = {
			isa = PBXGroup;
			children = (
				CF2D8C29284E18DD0090A60F /* TaskManagementApp.swift */,
				CF2D8C2B284E18DD0090A60F /* ContentView.swift */,
				CF2D8C2D284E18E00090A60F /* Assets.xcassets */,
				CF2D8C2F284E18E00090A60F /* Preview Content */,
			);
			path = TaskManagement;
			sourceTree = "<group>";
		};
		CF2D8C2F284E18E00090A60F /* Preview Content */ = {
			isa = PBXGroup;
			children = (
				CF2D8C30284E18E00090A60F /* Preview Assets.xcassets */,
			);
			path = "Preview Content";
			sourceTree = "<group>";
		};
		CF2D8C39284E18E00090A60F /* TaskManagementTests */ = {
			isa = PBXGroup;
			children = (
				CF2D8C3A284E18E00090A60F /* TaskManagementTests.swift */,
			);
			path = TaskManagementTests;
			sourceTree = "<group>";
		};
		CF2D8C43284E18E00090A60F /* TaskManagementUITests */ = {
			isa = PBXGroup;
			children = (
				CF2D8C44284E18E00090A60F /* TaskManagementUITests.swift */,
				CF2D8C46284E18E00090A60F /* TaskManagementUITestsLaunchTests.swift */,
			);
			path = TaskManagementUITests;
			sourceTree = "<group>";
		};
		CF2D8C53284E2B770090A60F /* Model */ = {
			isa = PBXGroup;
			children = (
				CF2D8C54284E2B880090A60F /* Task.swift */,
			);
			path = Model;
			sourceTree = "<group>";
		};
		CF2D8C56284E2C0A0090A60F /* ViewModel */ = {
			isa = PBXGroup;
			children = (
				CF2D8C57284E2C290090A60F /* TaskViewModel.swift */,
			);
			path = ViewModel;
			sourceTree = "<group>";
		};
		CF2D8C59284E2D690090A60F /* View */ = {
			isa = PBXGroup;
			children = (
				CF2D8C5A284E2D7A0090A60F /* Home.swift */,
			);
			path = View;
			sourceTree = "<group>";
		};
/* End PBXGroup section */

/* Begin PBXNativeTarget section */
		CF2D8C25284E18DD0090A60F /* TaskManagement */ = {
			isa = PBXNativeTarget;
			buildConfigurationList = CF2D8C4A284E18E00090A60F /* Build configuration list for PBXNativeTarget "TaskManagement" */;
			buildPhases = (
				CF2D8C22284E18DD0090A60F /* Sources */,
				CF2D8C23284E18DD0090A60F /* Frameworks */,
				CF2D8C24284E18DD0090A60F /* Resources */,
			);
			buildRules = (
			);
			dependencies = (
			);
			name = TaskManagement;
			productName = TaskManagement;
			productReference = CF2D8C26284E18DD0090A60F /* TaskManagement.app */;
			productType = "com.apple.product-type.application";
		};
		CF2D8C35284E18E00090A60F /* TaskManagementTests */ = {
			isa = PBXNativeTarget;
			buildConfigurationList = CF2D8C4D284E18E00090A60F /* Build configuration list for PBXNativeTarget "TaskManagementTests" */;
			buildPhases = (
				CF2D8C32284E18E00090A60F /* Sources */,
				CF2D8C33284E18E00090A60F /* Frameworks */,
				CF2D8C34284E18E00090A60F /* Resources */,
			);
			buildRules = (
			);
			dependencies = (
				CF2D8C38284E18E00090A60F /* PBXTargetDependency */,
			);
			name = TaskManagementTests;
			productName = TaskManagementTests;
			productReference = CF2D8C36284E18E00090A60F /* TaskManagementTests.xctest */;
			productType = "com.apple.product-type.bundle.unit-test";
		};
		CF2D8C3F284E18E00090A60F /* TaskManagementUITests */ = {
			isa = PBXNativeTarget;
			buildConfigurationList = CF2D8C50284E18E00090A60F /* Build configuration list for PBXNativeTarget "TaskManagementUITests" */;
			buildPhases = (
				CF2D8C3C284E18E00090A60F /* Sources */,
				CF2D8C3D284E18E00090A60F /* Frameworks */,
				CF2D8C3E284E18E00090A60F /* Resources */,
			);
			buildRules = (
			);
			dependencies = (
				CF2D8C42284E18E00090A60F /* PBXTargetDependency */,
			);
			name = TaskManagementUITests;
			productName = TaskManagementUITests;
			productReference = CF2D8C40284E18E00090A60F /* TaskManagementUITests.xctest */;
			productType = "com.apple.product-type.bundle.ui-testing";
		};
/* End PBXNativeTarget section */

/* Begin PBXProject section */
		CF2D8C1E284E18DD0090A60F /* Project object */ = {
			isa = PBXProject;
			attributes = {
				BuildIndependentTargetsInParallel = 1;
				LastSwiftUpdateCheck = 1330;
				LastUpgradeCheck = 1330;
				TargetAttributes = {
					CF2D8C25284E18DD0090A60F = {
						CreatedOnToolsVersion = 13.3;
					};
					CF2D8C35284E18E00090A60F = {
						CreatedOnToolsVersion = 13.3;
						TestTargetID = CF2D8C25284E18DD0090A60F;
					};
					CF2D8C3F284E18E00090A60F = {
						CreatedOnToolsVersion = 13.3;
						TestTargetID = CF2D8C25284E18DD0090A60F;
					};
				};
			};
			buildConfigurationList = CF2D8C21284E18DD0090A60F /* Build configuration list for PBXProject "TaskManagement" */;
			compatibilityVersion = "Xcode 13.0";
			developmentRegion = en;
			hasScannedForEncodings = 0;
			knownRegions = (
				en,
				Base,
			);
			mainGroup = CF2D8C1D284E18DD0090A60F;
			productRefGroup = CF2D8C27284E18DD0090A60F /* Products */;
			projectDirPath = "";
			projectRoot = "";
			targets = (
				CF2D8C25284E18DD0090A60F /* TaskManagement */,
				CF2D8C35284E18E00090A60F /* TaskManagementTests */,
				CF2D8C3F284E18E00090A60F /* TaskManagementUITests */,
			);
		};
/* End PBXProject section */

/* Begin PBXResourcesBuildPhase section */
		CF2D8C24284E18DD0090A60F /* Resources */ = {
			isa = PBXResourcesBuildPhase;
			buildActionMask = 2147483647;
			files = (
				CF2D8C31284E18E00090A60F /* Preview Assets.xcassets in Resources */,
				CF2D8C2E284E18E00090A60F /* Assets.xcassets in Resources */,
			);
			runOnlyForDeploymentPostprocessing = 0;
		};
		CF2D8C34284E18E00090A60F /* Resources */ = {
			isa = PBXResourcesBuildPhase;
			buildActionMask = 2147483647;
			files = (
			);
			runOnlyForDeploymentPostprocessing = 0;
		};
		CF2D8C3E284E18E00090A60F /* Resources */ = {
			isa = PBXResourcesBuildPhase;
			buildActionMask = 2147483647;
			files = (
			);
			runOnlyForDeploymentPostprocessing = 0;
		};
/* End PBXResourcesBuildPhase section */

/* Begin PBXSourcesBuildPhase section */
		CF2D8C22284E18DD0090A60F /* Sources */ = {
			isa = PBXSourcesBuildPhase;
			buildActionMask = 2147483647;
			files = (
				CF2D8C2C284E18DD0090A60F /* ContentView.swift in Sources */,
				CF2D8C58284E2C290090A60F /* TaskViewModel.swift in Sources */,
				CF2D8C5B284E2D7A0090A60F /* Home.swift in Sources */,
				CF2D8C55284E2B880090A60F /* Task.swift in Sources */,
				CF2D8C2A284E18DD0090A60F /* TaskManagementApp.swift in Sources */,
			);
			runOnlyForDeploymentPostprocessing = 0;
		};
		CF2D8C32284E18E00090A60F /* Sources */ = {
			isa = PBXSourcesBuildPhase;
			buildActionMask = 2147483647;
			files = (
				CF2D8C3B284E18E00090A60F /* TaskManagementTests.swift in Sources */,
			);
			runOnlyForDeploymentPostprocessing = 0;
		};
		CF2D8C3C284E18E00090A60F /* Sources */ = {
			isa = PBXSourcesBuildPhase;
			buildActionMask = 2147483647;
			files = (
				CF2D8C47284E18E00090A60F /* TaskManagementUITestsLaunchTests.swift in Sources */,
				CF2D8C45284E18E00090A60F /* TaskManagementUITests.swift in Sources */,
			);
			runOnlyForDeploymentPostprocessing = 0;
		};
/* End PBXSourcesBuildPhase section */

/* Begin PBXTargetDependency section */
		CF2D8C38284E18E00090A60F /* PBXTargetDependency */ = {
			isa = PBXTargetDependency;
			target = CF2D8C25284E18DD0090A60F /* TaskManagement */;
			targetProxy = CF2D8C37284E18E00090A60F /* PBXContainerItemProxy */;
		};
		CF2D8C42284E18E00090A60F /* PBXTargetDependency */ = {
			isa = PBXTargetDependency;
			target = CF2D8C25284E18DD0090A60F /* TaskManagement */;
			targetProxy = CF2D8C41284E18E00090A60F /* PBXContainerItemProxy */;
		};
/* End PBXTargetDependency section */

/* Begin XCBuildConfiguration section */
		CF2D8C48284E18E00090A60F /* Debug */ = {
			isa = XCBuildConfiguration;
			buildSettings = {
				ALWAYS_SEARCH_USER_PATHS = NO;
				CLANG_ANALYZER_NONNULL = YES;
				CLANG_ANALYZER_NUMBER_OBJECT_CONVERSION = YES_AGGRESSIVE;
				CLANG_CXX_LANGUAGE_STANDARD = "gnu++17";
				CLANG_ENABLE_MODULES = YES;
				CLANG_ENABLE_OBJC_ARC = YES;
				CLANG_ENABLE_OBJC_WEAK = YES;
				CLANG_WARN_BLOCK_CAPTURE_AUTORELEASING = YES;
				CLANG_WARN_BOOL_CONVERSION = YES;
				CLANG_WARN_COMMA = YES;
				CLANG_WARN_CONSTANT_CONVERSION = YES;
				CLANG_WARN_DEPRECATED_OBJC_IMPLEMENTATIONS = YES;
				CLANG_WARN_DIRECT_OBJC_ISA_USAGE = YES_ERROR;
				CLANG_WARN_DOCUMENTATION_COMMENTS = YES;
				CLANG_WARN_EMPTY_BODY = YES;
				CLANG_WARN_ENUM_CONVERSION = YES;
				CLANG_WARN_INFINITE_RECURSION = YES;
				CLANG_WARN_INT_CONVERSION = YES;
				CLANG_WARN_NON_LITERAL_NULL_CONVERSION = YES;
				CLANG_WARN_OBJC_IMPLICIT_RETAIN_SELF = YES;
				CLANG_WARN_OBJC_LITERAL_CONVERSION = YES;
				CLANG_WARN_OBJC_ROOT_CLASS = YES_ERROR;
				CLANG_WARN_QUOTED_INCLUDE_IN_FRAMEWORK_HEADER = YES;
				CLANG_WARN_RANGE_LOOP_ANALYSIS = YES;
				CLANG_WARN_STRICT_PROTOTYPES = YES;
				CLANG_WARN_SUSPICIOUS_MOVE = YES;
				CLANG_WARN_UNGUARDED_AVAILABILITY = YES_AGGRESSIVE;
				CLANG_WARN_UNREACHABLE_CODE = YES;
				CLANG_WARN__DUPLICATE_METHOD_MATCH = YES;
				COPY_PHASE_STRIP = NO;
				DEBUG_INFORMATION_FORMAT = dwarf;
				ENABLE_STRICT_OBJC_MSGSEND = YES;
				ENABLE_TESTABILITY = YES;
				GCC_C_LANGUAGE_STANDARD = gnu11;
				GCC_DYNAMIC_NO_PIC = NO;
				GCC_NO_COMMON_BLOCKS = YES;
				GCC_OPTIMIZATION_LEVEL = 0;
				GCC_PREPROCESSOR_DEFINITIONS = (
					"DEBUG=1",
					"$(inherited)",
				);
				GCC_WARN_64_TO_32_BIT_CONVERSION = YES;
				GCC_WARN_ABOUT_RETURN_TYPE = YES_ERROR;
				GCC_WARN_UNDECLARED_SELECTOR = YES;
				GCC_WARN_UNINITIALIZED_AUTOS = YES_AGGRESSIVE;
				GCC_WARN_UNUSED_FUNCTION = YES;
				GCC_WARN_UNUSED_VARIABLE = YES;
				IPHONEOS_DEPLOYMENT_TARGET = 15.4;
				MTL_ENABLE_DEBUG_INFO = INCLUDE_SOURCE;
				MTL_FAST_MATH = YES;
				ONLY_ACTIVE_ARCH = YES;
				SDKROOT = iphoneos;
				SWIFT_ACTIVE_COMPILATION_CONDITIONS = DEBUG;
				SWIFT_OPTIMIZATION_LEVEL = "-Onone";
			};
			name = Debug;
		};
		CF2D8C49284E18E00090A60F /* Release */ = {
			isa = XCBuildConfiguration;
			buildSettings = {
				ALWAYS_SEARCH_USER_PATHS = NO;
				CLANG_ANALYZER_NONNULL = YES;
				CLANG_ANALYZER_NUMBER_OBJECT_CONVERSION = YES_AGGRESSIVE;
				CLANG_CXX_LANGUAGE_STANDARD = "gnu++17";
				CLANG_ENABLE_MODULES = YES;
				CLANG_ENABLE_OBJC_ARC = YES;
				CLANG_ENABLE_OBJC_WEAK = YES;
				CLANG_WARN_BLOCK_CAPTURE_AUTORELEASING = YES;
				CLANG_WARN_BOOL_CONVERSION = YES;
				CLANG_WARN_COMMA = YES;
				CLANG_WARN_CONSTANT_CONVERSION = YES;
				CLANG_WARN_DEPRECATED_OBJC_IMPLEMENTATIONS = YES;
				CLANG_WARN_DIRECT_OBJC_ISA_USAGE = YES_ERROR;
				CLANG_WARN_DOCUMENTATION_COMMENTS = YES;
				CLANG_WARN_EMPTY_BODY = YES;
				CLANG_WARN_ENUM_CONVERSION = YES;
				CLANG_WARN_INFINITE_RECURSION = YES;
				CLANG_WARN_INT_CONVERSION = YES;
				CLANG_WARN_NON_LITERAL_NULL_CONVERSION = YES;
				CLANG_WARN_OBJC_IMPLICIT_RETAIN_SELF = YES;
				CLANG_WARN_OBJC_LITERAL_CONVERSION = YES;
				CLANG_WARN_OBJC_ROOT_CLASS = YES_ERROR;
				CLANG_WARN_QUOTED_INCLUDE_IN_FRAMEWORK_HEADER = YES;
				CLANG_WARN_RANGE_LOOP_ANALYSIS = YES;
				CLANG_WARN_STRICT_PROTOTYPES = YES;
				CLANG_WARN_SUSPICIOUS_MOVE = YES;
				CLANG_WARN_UNGUARDED_AVAILABILITY = YES_AGGRESSIVE;
				CLANG_WARN_UNREACHABLE_CODE = YES;
				CLANG_WARN__DUPLICATE_METHOD_MATCH = YES;
				COPY_PHASE_STRIP = NO;
				DEBUG_INFORMATION_FORMAT = "dwarf-with-dsym";
				ENABLE_NS_ASSERTIONS = NO;
				ENABLE_STRICT_OBJC_MSGSEND = YES;
				GCC_C_LANGUAGE_STANDARD = gnu11;
				GCC_NO_COMMON_BLOCKS = YES;
				GCC_WARN_64_TO_32_BIT_CONVERSION = YES;
				GCC_WARN_ABOUT_RETURN_TYPE = YES_ERROR;
				GCC_WARN_UNDECLARED_SELECTOR = YES;
				GCC_WARN_UNINITIALIZED_AUTOS = YES_AGGRESSIVE;
				GCC_WARN_UNUSED_FUNCTION = YES;
				GCC_WARN_UNUSED_VARIABLE = YES;
				IPHONEOS_DEPLOYMENT_TARGET = 15.4;
				MTL_ENABLE_DEBUG_INFO = NO;
				MTL_FAST_MATH = YES;
				SDKROOT = iphoneos;
				SWIFT_COMPILATION_MODE = wholemodule;
				SWIFT_OPTIMIZATION_LEVEL = "-O";
				VALIDATE_PRODUCT = YES;
			};
			name = Release;
		};
		CF2D8C4B284E18E00090A60F /* Debug */ = {
			isa = XCBuildConfiguration;
			buildSettings = {
				ASSETCATALOG_COMPILER_APPICON_NAME = AppIcon;
				ASSETCATALOG_COMPILER_GLOBAL_ACCENT_COLOR_NAME = AccentColor;
				CODE_SIGN_STYLE = Automatic;
				CURRENT_PROJECT_VERSION = 1;
				DEVELOPMENT_ASSET_PATHS = "\"TaskManagement/Preview Content\"";
				DEVELOPMENT_TEAM = YK45G98794;
				ENABLE_PREVIEWS = YES;
				GENERATE_INFOPLIST_FILE = YES;
				INFOPLIST_KEY_UIApplicationSceneManifest_Generation = YES;
				INFOPLIST_KEY_UIApplicationSupportsIndirectInputEvents = YES;
				INFOPLIST_KEY_UILaunchScreen_Generation = YES;
				INFOPLIST_KEY_UISupportedInterfaceOrientations_iPad = "UIInterfaceOrientationPortrait UIInterfaceOrientationPortraitUpsideDown UIInterfaceOrientationLandscapeLeft UIInterfaceOrientationLandscapeRight";
				INFOPLIST_KEY_UISupportedInterfaceOrientations_iPhone = "UIInterfaceOrientationPortrait UIInterfaceOrientationLandscapeLeft UIInterfaceOrientationLandscapeRight";
				LD_RUNPATH_SEARCH_PATHS = (
					"$(inherited)",
					"@executable_path/Frameworks",
				);
				MARKETING_VERSION = 1.0;
				PRODUCT_BUNDLE_IDENTIFIER = first.TaskManagement;
				PRODUCT_NAME = "$(TARGET_NAME)";
				SWIFT_EMIT_LOC_STRINGS = YES;
				SWIFT_VERSION = 5.0;
				TARGETED_DEVICE_FAMILY = "1,2";
			};
			name = Debug;
		};
		CF2D8C4C284E18E00090A60F /* Release */ = {
			isa = XCBuildConfiguration;
			buildSettings = {
				ASSETCATALOG_COMPILER_APPICON_NAME = AppIcon;
				ASSETCATALOG_COMPILER_GLOBAL_ACCENT_COLOR_NAME = AccentColor;
				CODE_SIGN_STYLE = Automatic;
				CURRENT_PROJECT_VERSION = 1;
				DEVELOPMENT_ASSET_PATHS = "\"TaskManagement/Preview Content\"";
				DEVELOPMENT_TEAM = YK45G98794;
				ENABLE_PREVIEWS = YES;
				GENERATE_INFOPLIST_FILE = YES;
				INFOPLIST_KEY_UIApplicationSceneManifest_Generation = YES;
				INFOPLIST_KEY_UIApplicationSupportsIndirectInputEvents = YES;
				INFOPLIST_KEY_UILaunchScreen_Generation = YES;
				INFOPLIST_KEY_UISupportedInterfaceOrientations_iPad = "UIInterfaceOrientationPortrait UIInterfaceOrientationPortraitUpsideDown UIInterfaceOrientationLandscapeLeft UIInterfaceOrientationLandscapeRight";
				INFOPLIST_KEY_UISupportedInterfaceOrientations_iPhone = "UIInterfaceOrientationPortrait UIInterfaceOrientationLandscapeLeft UIInterfaceOrientationLandscapeRight";
				LD_RUNPATH_SEARCH_PATHS = (
					"$(inherited)",
					"@executable_path/Frameworks",
				);
				MARKETING_VERSION = 1.0;
				PRODUCT_BUNDLE_IDENTIFIER = first.TaskManagement;
				PRODUCT_NAME = "$(TARGET_NAME)";
				SWIFT_EMIT_LOC_STRINGS = YES;
				SWIFT_VERSION = 5.0;
				TARGETED_DEVICE_FAMILY = "1,2";
			};
			name = Release;
		};
		CF2D8C4E284E18E00090A60F /* Debug */ = {
			isa = XCBuildConfiguration;
			buildSettings = {
				ALWAYS_EMBED_SWIFT_STANDARD_LIBRARIES = YES;
				BUNDLE_LOADER = "$(TEST_HOST)";
				CODE_SIGN_STYLE = Automatic;
				CURRENT_PROJECT_VERSION = 1;
				DEVELOPMENT_TEAM = YK45G98794;
				GENERATE_INFOPLIST_FILE = YES;
				IPHONEOS_DEPLOYMENT_TARGET = 15.4;
				MARKETING_VERSION = 1.0;
				PRODUCT_BUNDLE_IDENTIFIER = first.TaskManagementTests;
				PRODUCT_NAME = "$(TARGET_NAME)";
				SWIFT_EMIT_LOC_STRINGS = NO;
				SWIFT_VERSION = 5.0;
				TARGETED_DEVICE_FAMILY = "1,2";
				TEST_HOST = "$(BUILT_PRODUCTS_DIR)/TaskManagement.app/TaskManagement";
			};
			name = Debug;
		};
		CF2D8C4F284E18E00090A60F /* Release */ = {
			isa = XCBuildConfiguration;
			buildSettings = {
				ALWAYS_EMBED_SWIFT_STANDARD_LIBRARIES = YES;
				BUNDLE_LOADER = "$(TEST_HOST)";
				CODE_SIGN_STYLE = Automatic;
				CURRENT_PROJECT_VERSION = 1;
				DEVELOPMENT_TEAM = YK45G98794;
				GENERATE_INFOPLIST_FILE = YES;
				IPHONEOS_DEPLOYMENT_TARGET = 15.4;
				MARKETING_VERSION = 1.0;
				PRODUCT_BUNDLE_IDENTIFIER = first.TaskManagementTests;
				PRODUCT_NAME = "$(TARGET_NAME)";
				SWIFT_EMIT_LOC_STRINGS = NO;
				SWIFT_VERSION = 5.0;
				TARGETED_DEVICE_FAMILY = "1,2";
				TEST_HOST = "$(BUILT_PRODUCTS_DIR)/TaskManagement.app/TaskManagement";
			};
			name = Release;
		};
		CF2D8C51284E18E00090A60F /* Debug */ = {
			isa = XCBuildConfiguration;
			buildSettings = {
				ALWAYS_EMBED_SWIFT_STANDARD_LIBRARIES = YES;
				CODE_SIGN_STYLE = Automatic;
				CURRENT_PROJECT_VERSION = 1;
				DEVELOPMENT_TEAM = YK45G98794;
				GENERATE_INFOPLIST_FILE = YES;
				MARKETING_VERSION = 1.0;
				PRODUCT_BUNDLE_IDENTIFIER = first.TaskManagementUITests;
				PRODUCT_NAME = "$(TARGET_NAME)";
				SWIFT_EMIT_LOC_STRINGS = NO;
				SWIFT_VERSION = 5.0;
				TARGETED_DEVICE_FAMILY = "1,2";
				TEST_TARGET_NAME = TaskManagement;
			};
			name = Debug;
		};
		CF2D8C52284E18E00090A60F /* Release */ = {
			isa = XCBuildConfiguration;
			buildSettings = {
				ALWAYS_EMBED_SWIFT_STANDARD_LIBRARIES = YES;
				CODE_SIGN_STYLE = Automatic;
				CURRENT_PROJECT_VERSION = 1;
				DEVELOPMENT_TEAM = YK45G98794;
				GENERATE_INFOPLIST_FILE = YES;
				MARKETING_VERSION = 1.0;
				PRODUCT_BUNDLE_IDENTIFIER = first.TaskManagementUITests;
				PRODUCT_NAME = "$(TARGET_NAME)";
				SWIFT_EMIT_LOC_STRINGS = NO;
				SWIFT_VERSION = 5.0;
				TARGETED_DEVICE_FAMILY = "1,2";
				TEST_TARGET_NAME = TaskManagement;
			};
			name = Release;
		};
/* End XCBuildConfiguration section */

/* Begin XCConfigurationList section */
		CF2D8C21284E18DD0090A60F /* Build configuration list for PBXProject "TaskManagement" */ = {
			isa = XCConfigurationList;
			buildConfigurations = (
				CF2D8C48284E18E00090A60F /* Debug */,
				CF2D8C49284E18E00090A60F /* Release */,
			);
			defaultConfigurationIsVisible = 0;
			defaultConfigurationName = Release;
		};
		CF2D8C4A284E18E00090A60F /* Build configuration list for PBXNativeTarget "TaskManagement" */ = {
			isa = XCConfigurationList;
			buildConfigurations = (
				CF2D8C4B284E18E00090A60F /* Debug */,
				CF2D8C4C284E18E00090A60F /* Release */,
			);
			defaultConfigurationIsVisible = 0;
			defaultConfigurationName = Release;
		};
		CF2D8C4D284E18E00090A60F /* Build configuration list for PBXNativeTarget "TaskManagementTests" */ = {
			isa = XCConfigurationList;
			buildConfigurations = (
				CF2D8C4E284E18E00090A60F /* Debug */,
				CF2D8C4F284E18E00090A60F /* Release */,
			);
			defaultConfigurationIsVisible = 0;
			defaultConfigurationName = Release;
		};
		CF2D8C50284E18E00090A60F /* Build configuration list for PBXNativeTarget "TaskManagementUITests" */ = {
			isa = XCConfigurationList;
			buildConfigurations = (
				CF2D8C51284E18E00090A60F /* Debug */,
				CF2D8C52284E18E00090A60F /* Release */,
			);
			defaultConfigurationIsVisible = 0;
			defaultConfigurationName = Release;
		};
/* End XCConfigurationList section */
	};
	rootObject = CF2D8C1E284E18DD0090A60F /* Project object */;
}
